
Microsoft Visual Studio Solution File, Format Version 12.00
# Visual Studio 2012
Project("{FAE04EC0-301F-11D3-BF4B-00C04F79EFBC}") = "ScoreGuesser.UITests", "ScoreGuesser.UITests\ScoreGuesser.UITests.csproj", "{062ADA74-16E5-4673-A4FB-DC153D0FE2FE}"
EndProject
Project("{FAE04EC0-301F-11D3-BF4B-00C04F79EFBC}") = "ScoreGuesser.iOS", "ScoreGuesser.iOS\ScoreGuesser.iOS.csproj", "{3FE83C6E-1BC3-4192-81B5-7D10342FBFCC}"
EndProject
Project("{FAE04EC0-301F-11D3-BF4B-00C04F79EFBC}") = "ScoreGuesser.Common", "ScoreGuesser.Common\ScoreGuesser.Common.csproj", "{E91F2A0C-766A-447C-907D-205CC988CE24}"
EndProject
Global
	GlobalSection(SolutionConfigurationPlatforms) = preSolution
		Debug|iPhoneSimulator = Debug|iPhoneSimulator
		Release|iPhone = Release|iPhone
		Release|iPhoneSimulator = Release|iPhoneSimulator
		Debug|iPhone = Debug|iPhone
		Debug|Any CPU = Debug|Any CPU
		Release|Any CPU = Release|Any CPU
	EndGlobalSection
	GlobalSection(ProjectConfigurationPlatforms) = postSolution
		{062ADA74-16E5-4673-A4FB-DC153D0FE2FE}.Debug|iPhoneSimulator.ActiveCfg = Debug|Any CPU
		{062ADA74-16E5-4673-A4FB-DC153D0FE2FE}.Debug|iPhoneSimulator.Build.0 = Debug|Any CPU
		{062ADA74-16E5-4673-A4FB-DC153D0FE2FE}.Release|iPhone.ActiveCfg = Release|Any CPU
		{062ADA74-16E5-4673-A4FB-DC153D0FE2FE}.Release|iPhone.Build.0 = Release|Any CPU
		{062ADA74-16E5-4673-A4FB-DC153D0FE2FE}.Release|iPhoneSimulator.ActiveCfg = Release|Any CPU
		{062ADA74-16E5-4673-A4FB-DC153D0FE2FE}.Release|iPhoneSimulator.Build.0 = Release|Any CPU
		{062ADA74-16E5-4673-A4FB-DC153D0FE2FE}.Debug|iPhone.ActiveCfg = Debug|Any CPU
		{062ADA74-16E5-4673-A4FB-DC153D0FE2FE}.Debug|iPhone.Build.0 = Debug|Any CPU
		{062ADA74-16E5-4673-A4FB-DC153D0FE2FE}.Debug|Any CPU.ActiveCfg = Debug|Any CPU
		{062ADA74-16E5-4673-A4FB-DC153D0FE2FE}.Debug|Any CPU.Build.0 = Debug|Any CPU
		{062ADA74-16E5-4673-A4FB-DC153D0FE2FE}.Release|Any CPU.ActiveCfg = Release|Any CPU
		{062ADA74-16E5-4673-A4FB-DC153D0FE2FE}.Release|Any CPU.Build.0 = Release|Any CPU
		{3FE83C6E-1BC3-4192-81B5-7D10342FBFCC}.Debug|iPhoneSimulator.ActiveCfg = Debug|iPhoneSimulator
		{3FE83C6E-1BC3-4192-81B5-7D10342FBFCC}.Debug|iPhoneSimulator.Build.0 = Debug|iPhoneSimulator
		{3FE83C6E-1BC3-4192-81B5-7D10342FBFCC}.Release|iPhone.ActiveCfg = Release|iPhone
		{3FE83C6E-1BC3-4192-81B5-7D10342FBFCC}.Release|iPhone.Build.0 = Release|iPhone
		{3FE83C6E-1BC3-4192-81B5-7D10342FBFCC}.Release|iPhoneSimulator.ActiveCfg = Release|iPhoneSimulator
		{3FE83C6E-1BC3-4192-81B5-7D10342FBFCC}.Release|iPhoneSimulator.Build.0 = Release|iPhoneSimulator
		{3FE83C6E-1BC3-4192-81B5-7D10342FBFCC}.Debug|iPhone.ActiveCfg = Debug|iPhone
		{3FE83C6E-1BC3-4192-81B5-7D10342FBFCC}.Debug|iPhone.Build.0 = Debug|iPhone
		{3FE83C6E-1BC3-4192-81B5-7D10342FBFCC}.Debug|Any CPU.ActiveCfg = Debug|iPhoneSimulator
		{3FE83C6E-1BC3-4192-81B5-7D10342FBFCC}.Debug|Any CPU.Build.0 = Debug|iPhoneSimulator
		{3FE83C6E-1BC3-4192-81B5-7D10342FBFCC}.Release|Any CPU.ActiveCfg = Release|iPhone
		{3FE83C6E-1BC3-4192-81B5-7D10342FBFCC}.Release|Any CPU.Build.0 = Release|iPhone
		{E91F2A0C-766A-447C-907D-205CC988CE24}.Debug|iPhoneSimulator.ActiveCfg = Debug|Any CPU
		{E91F2A0C-766A-447C-907D-205CC988CE24}.Debug|iPhoneSimulator.Build.0 = Debug|Any CPU
		{E91F2A0C-766A-447C-907D-205CC988CE24}.Release|iPhone.ActiveCfg = Release|Any CPU
		{E91F2A0C-766A-447C-907D-205CC988CE24}.Release|iPhone.Build.0 = Release|Any CPU
		{E91F2A0C-766A-447C-907D-205CC988CE24}.Release|iPhoneSimulator.ActiveCfg = Release|Any CPU
		{E91F2A0C-766A-447C-907D-205CC988CE24}.Release|iPhoneSimulator.Build.0 = Release|Any CPU
		{E91F2A0C-766A-447C-907D-205CC988CE24}.Debug|iPhone.ActiveCfg = Debug|Any CPU
		{E91F2A0C-766A-447C-907D-205CC988CE24}.Debug|iPhone.Build.0 = Debug|Any CPU
		{E91F2A0C-766A-447C-907D-205CC988CE24}.Debug|Any CPU.ActiveCfg = Debug|Any CPU
		{E91F2A0C-766A-447C-907D-205CC988CE24}.Debug|Any CPU.Build.0 = Debug|Any CPU
		{E91F2A0C-766A-447C-907D-205CC988CE24}.Release|Any CPU.ActiveCfg = Release|Any CPU
		{E91F2A0C-766A-447C-907D-205CC988CE24}.Release|Any CPU.Build.0 = Release|Any CPU
	EndGlobalSection
EndGlobal
